// !$*UTF8*$!
{
	archiveVersion = 1;
	classes = {
	};
	objectVersion = 46;
	objects = {

/* Begin PBXBuildFile section */
		4CA474061D62CC9000A83240 /* AppDelegate.swift in Sources */ = {isa = PBXBuildFile; fileRef = 4CA474051D62CC9000A83240 /* AppDelegate.swift */; };
		4CA474081D62CC9000A83240 /* ViewController.swift in Sources */ = {isa = PBXBuildFile; fileRef = 4CA474071D62CC9000A83240 /* ViewController.swift */; };
		4CA4740B1D62CC9000A83240 /* Main.storyboard in Resources */ = {isa = PBXBuildFile; fileRef = 4CA474091D62CC9000A83240 /* Main.storyboard */; };
		4CA4740D1D62CC9000A83240 /* Assets.xcassets in Resources */ = {isa = PBXBuildFile; fileRef = 4CA4740C1D62CC9000A83240 /* Assets.xcassets */; };
		4CA474101D62CC9000A83240 /* LaunchScreen.storyboard in Resources */ = {isa = PBXBuildFile; fileRef = 4CA4740E1D62CC9000A83240 /* LaunchScreen.storyboard */; };
		4CA4741B1D62CC9000A83240 /* MemeMeTests.swift in Sources */ = {isa = PBXBuildFile; fileRef = 4CA4741A1D62CC9000A83240 /* MemeMeTests.swift */; };
		4CA474261D62CC9000A83240 /* MemeMeUITests.swift in Sources */ = {isa = PBXBuildFile; fileRef = 4CA474251D62CC9000A83240 /* MemeMeUITests.swift */; };
		4CA474341D62D7C500A83240 /* TextFieldsDelegate.swift in Sources */ = {isa = PBXBuildFile; fileRef = 4CA474331D62D7C500A83240 /* TextFieldsDelegate.swift */; };
		4CA474361D6433B800A83240 /* Meme.swift in Sources */ = {isa = PBXBuildFile; fileRef = 4CA474351D6433B800A83240 /* Meme.swift */; };
/* End PBXBuildFile section */

/* Begin PBXContainerItemProxy section */
		4CA474171D62CC9000A83240 /* PBXContainerItemProxy */ = {
			isa = PBXContainerItemProxy;
			containerPortal = 4CA473FA1D62CC9000A83240 /* Project object */;
			proxyType = 1;
			remoteGlobalIDString = 4CA474011D62CC9000A83240;
			remoteInfo = MemeMe;
		};
		4CA474221D62CC9000A83240 /* PBXContainerItemProxy */ = {
			isa = PBXContainerItemProxy;
			containerPortal = 4CA473FA1D62CC9000A83240 /* Project object */;
			proxyType = 1;
			remoteGlobalIDString = 4CA474011D62CC9000A83240;
			remoteInfo = MemeMe;
		};
/* End PBXContainerItemProxy section */

/* Begin PBXFileReference section */
		4CA474021D62CC9000A83240 /* MemeMe.app */ = {isa = PBXFileReference; explicitFileType = wrapper.application; includeInIndex = 0; path = MemeMe.app; sourceTree = BUILT_PRODUCTS_DIR; };
		4CA474051D62CC9000A83240 /* AppDelegate.swift */ = {isa = PBXFileReference; lastKnownFileType = sourcecode.swift; path = AppDelegate.swift; sourceTree = "<group>"; };
		4CA474071D62CC9000A83240 /* ViewController.swift */ = {isa = PBXFileReference; lastKnownFileType = sourcecode.swift; path = ViewController.swift; sourceTree = "<group>"; };
		4CA4740A1D62CC9000A83240 /* Base */ = {isa = PBXFileReference; lastKnownFileType = file.storyboard; name = Base; path = Base.lproj/Main.storyboard; sourceTree = "<group>"; };
		4CA4740C1D62CC9000A83240 /* Assets.xcassets */ = {isa = PBXFileReference; lastKnownFileType = folder.assetcatalog; path = Assets.xcassets; sourceTree = "<group>"; };
		4CA4740F1D62CC9000A83240 /* Base */ = {isa = PBXFileReference; lastKnownFileType = file.storyboard; name = Base; path = Base.lproj/LaunchScreen.storyboard; sourceTree = "<group>"; };
		4CA474111D62CC9000A83240 /* Info.plist */ = {isa = PBXFileReference; lastKnownFileType = text.plist.xml; path = Info.plist; sourceTree = "<group>"; };
		4CA474161D62CC9000A83240 /* MemeMeTests.xctest */ = {isa = PBXFileReference; explicitFileType = wrapper.cfbundle; includeInIndex = 0; path = MemeMeTests.xctest; sourceTree = BUILT_PRODUCTS_DIR; };
		4CA4741A1D62CC9000A83240 /* MemeMeTests.swift */ = {isa = PBXFileReference; lastKnownFileType = sourcecode.swift; path = MemeMeTests.swift; sourceTree = "<group>"; };
		4CA4741C1D62CC9000A83240 /* Info.plist */ = {isa = PBXFileReference; lastKnownFileType = text.plist.xml; path = Info.plist; sourceTree = "<group>"; };
		4CA474211D62CC9000A83240 /* MemeMeUITests.xctest */ = {isa = PBXFileReference; explicitFileType = wrapper.cfbundle; includeInIndex = 0; path = MemeMeUITests.xctest; sourceTree = BUILT_PRODUCTS_DIR; };
		4CA474251D62CC9000A83240 /* MemeMeUITests.swift */ = {isa = PBXFileReference; lastKnownFileType = sourcecode.swift; path = MemeMeUITests.swift; sourceTree = "<group>"; };
		4CA474271D62CC9000A83240 /* Info.plist */ = {isa = PBXFileReference; lastKnownFileType = text.plist.xml; path = Info.plist; sourceTree = "<group>"; };
		4CA474331D62D7C500A83240 /* TextFieldsDelegate.swift */ = {isa = PBXFileReference; fileEncoding = 4; lastKnownFileType = sourcecode.swift; path = TextFieldsDelegate.swift; sourceTree = "<group>"; };
		4CA474351D6433B800A83240 /* Meme.swift */ = {isa = PBXFileReference; fileEncoding = 4; lastKnownFileType = sourcecode.swift; path = Meme.swift; sourceTree = "<group>"; };
/* End PBXFileReference section */

/* Begin PBXFrameworksBuildPhase section */
		4CA473FF1D62CC9000A83240 /* Frameworks */ = {
			isa = PBXFrameworksBuildPhase;
			buildActionMask = 2147483647;
			files = (
			);
			runOnlyForDeploymentPostprocessing = 0;
		};
		4CA474131D62CC9000A83240 /* Frameworks */ = {
			isa = PBXFrameworksBuildPhase;
			buildActionMask = 2147483647;
			files = (
			);
			runOnlyForDeploymentPostprocessing = 0;
		};
		4CA4741E1D62CC9000A83240 /* Frameworks */ = {
			isa = PBXFrameworksBuildPhase;
			buildActionMask = 2147483647;
			files = (
			);
			runOnlyForDeploymentPostprocessing = 0;
		};
/* End PBXFrameworksBuildPhase section */

/* Begin PBXGroup section */
		4CA473F91D62CC9000A83240 = {
			isa = PBXGroup;
			children = (
				4CA474041D62CC9000A83240 /* MemeMe */,
				4CA474191D62CC9000A83240 /* MemeMeTests */,
				4CA474241D62CC9000A83240 /* MemeMeUITests */,
				4CA474031D62CC9000A83240 /* Products */,
			);
			sourceTree = "<group>";
		};
		4CA474031D62CC9000A83240 /* Products */ = {
			isa = PBXGroup;
			children = (
				4CA474021D62CC9000A83240 /* MemeMe.app */,
				4CA474161D62CC9000A83240 /* MemeMeTests.xctest */,
				4CA474211D62CC9000A83240 /* MemeMeUITests.xctest */,
			);
			name = Products;
			sourceTree = "<group>";
		};
		4CA474041D62CC9000A83240 /* MemeMe */ = {
			isa = PBXGroup;
			children = (
				4CA474051D62CC9000A83240 /* AppDelegate.swift */,
				4CA474071D62CC9000A83240 /* ViewController.swift */,
				4CA474091D62CC9000A83240 /* Main.storyboard */,
				4CA474351D6433B800A83240 /* Meme.swift */,
				4CA4740C1D62CC9000A83240 /* Assets.xcassets */,
				4CA4740E1D62CC9000A83240 /* LaunchScreen.storyboard */,
				4CA474111D62CC9000A83240 /* Info.plist */,
				4CA474331D62D7C500A83240 /* TextFieldsDelegate.swift */,
			);
			path = MemeMe;
			sourceTree = "<group>";
		};
		4CA474191D62CC9000A83240 /* MemeMeTests */ = {
			isa = PBXGroup;
			children = (
				4CA4741A1D62CC9000A83240 /* MemeMeTests.swift */,
				4CA4741C1D62CC9000A83240 /* Info.plist */,
			);
			path = MemeMeTests;
			sourceTree = "<group>";
		};
		4CA474241D62CC9000A83240 /* MemeMeUITests */ = {
			isa = PBXGroup;
			children = (
				4CA474251D62CC9000A83240 /* MemeMeUITests.swift */,
				4CA474271D62CC9000A83240 /* Info.plist */,
			);
			path = MemeMeUITests;
			sourceTree = "<group>";
		};
/* End PBXGroup section */

/* Begin PBXNativeTarget section */
		4CA474011D62CC9000A83240 /* MemeMe */ = {
			isa = PBXNativeTarget;
			buildConfigurationList = 4CA4742A1D62CC9000A83240 /* Build configuration list for PBXNativeTarget "MemeMe" */;
			buildPhases = (
				4CA473FE1D62CC9000A83240 /* Sources */,
				4CA473FF1D62CC9000A83240 /* Frameworks */,
				4CA474001D62CC9000A83240 /* Resources */,
			);
			buildRules = (
			);
			dependencies = (
			);
			name = MemeMe;
			productName = MemeMe;
			productReference = 4CA474021D62CC9000A83240 /* MemeMe.app */;
			productType = "com.apple.product-type.application";
		};
		4CA474151D62CC9000A83240 /* MemeMeTests */ = {
			isa = PBXNativeTarget;
			buildConfigurationList = 4CA4742D1D62CC9000A83240 /* Build configuration list for PBXNativeTarget "MemeMeTests" */;
			buildPhases = (
				4CA474121D62CC9000A83240 /* Sources */,
				4CA474131D62CC9000A83240 /* Frameworks */,
				4CA474141D62CC9000A83240 /* Resources */,
			);
			buildRules = (
			);
			dependencies = (
				4CA474181D62CC9000A83240 /* PBXTargetDependency */,
			);
			name = MemeMeTests;
			productName = MemeMeTests;
			productReference = 4CA474161D62CC9000A83240 /* MemeMeTests.xctest */;
			productType = "com.apple.product-type.bundle.unit-test";
		};
		4CA474201D62CC9000A83240 /* MemeMeUITests */ = {
			isa = PBXNativeTarget;
			buildConfigurationList = 4CA474301D62CC9000A83240 /* Build configuration list for PBXNativeTarget "MemeMeUITests" */;
			buildPhases = (
				4CA4741D1D62CC9000A83240 /* Sources */,
				4CA4741E1D62CC9000A83240 /* Frameworks */,
				4CA4741F1D62CC9000A83240 /* Resources */,
			);
			buildRules = (
			);
			dependencies = (
				4CA474231D62CC9000A83240 /* PBXTargetDependency */,
			);
			name = MemeMeUITests;
			productName = MemeMeUITests;
			productReference = 4CA474211D62CC9000A83240 /* MemeMeUITests.xctest */;
			productType = "com.apple.product-type.bundle.ui-testing";
		};
/* End PBXNativeTarget section */

/* Begin PBXProject section */
		4CA473FA1D62CC9000A83240 /* Project object */ = {
			isa = PBXProject;
			attributes = {
				LastSwiftUpdateCheck = 0730;
				LastUpgradeCheck = 0730;
				ORGANIZATIONNAME = "Tongyu Yang";
				TargetAttributes = {
					4CA474011D62CC9000A83240 = {
						CreatedOnToolsVersion = 7.3.1;
					};
					4CA474151D62CC9000A83240 = {
						CreatedOnToolsVersion = 7.3.1;
						TestTargetID = 4CA474011D62CC9000A83240;
					};
					4CA474201D62CC9000A83240 = {
						CreatedOnToolsVersion = 7.3.1;
						TestTargetID = 4CA474011D62CC9000A83240;
					};
				};
			};
			buildConfigurationList = 4CA473FD1D62CC9000A83240 /* Build configuration list for PBXProject "MemeMe" */;
			compatibilityVersion = "Xcode 3.2";
			developmentRegion = English;
			hasScannedForEncodings = 0;
			knownRegions = (
				en,
				Base,
			);
			mainGroup = 4CA473F91D62CC9000A83240;
			productRefGroup = 4CA474031D62CC9000A83240 /* Products */;
			projectDirPath = "";
			projectRoot = "";
			targets = (
				4CA474011D62CC9000A83240 /* MemeMe */,
				4CA474151D62CC9000A83240 /* MemeMeTests */,
				4CA474201D62CC9000A83240 /* MemeMeUITests */,
			);
		};
/* End PBXProject section */

/* Begin PBXResourcesBuildPhase section */
		4CA474001D62CC9000A83240 /* Resources */ = {
			isa = PBXResourcesBuildPhase;
			buildActionMask = 2147483647;
			files = (
				4CA474101D62CC9000A83240 /* LaunchScreen.storyboard in Resources */,
				4CA4740D1D62CC9000A83240 /* Assets.xcassets in Resources */,
				4CA4740B1D62CC9000A83240 /* Main.storyboard in Resources */,
			);
			runOnlyForDeploymentPostprocessing = 0;
		};
		4CA474141D62CC9000A83240 /* Resources */ = {
			isa = PBXResourcesBuildPhase;
			buildActionMask = 2147483647;
			files = (
			);
			runOnlyForDeploymentPostprocessing = 0;
		};
		4CA4741F1D62CC9000A83240 /* Resources */ = {
			isa = PBXResourcesBuildPhase;
			buildActionMask = 2147483647;
			files = (
			);
			runOnlyForDeploymentPostprocessing = 0;
		};
/* End PBXResourcesBuildPhase section */

/* Begin PBXSourcesBuildPhase section */
		4CA473FE1D62CC9000A83240 /* Sources */ = {
			isa = PBXSourcesBuildPhase;
			buildActionMask = 2147483647;
			files = (
				4CA474081D62CC9000A83240 /* ViewController.swift in Sources */,
				4CA474361D6433B800A83240 /* Meme.swift in Sources */,
				4CA474061D62CC9000A83240 /* AppDelegate.swift in Sources */,
				4CA474341D62D7C500A83240 /* TextFieldsDelegate.swift in Sources */,
			);
			runOnlyForDeploymentPostprocessing = 0;
		};
		4CA474121D62CC9000A83240 /* Sources */ = {
			isa = PBXSourcesBuildPhase;
			buildActionMask = 2147483647;
			files = (
				4CA4741B1D62CC9000A83240 /* MemeMeTests.swift in Sources */,
			);
			runOnlyForDeploymentPostprocessing = 0;
		};
		4CA4741D1D62CC9000A83240 /* Sources */ = {
			isa = PBXSourcesBuildPhase;
			buildActionMask = 2147483647;
			files = (
				4CA474261D62CC9000A83240 /* MemeMeUITests.swift in Sources */,
			);
			runOnlyForDeploymentPostprocessing = 0;
		};
/* End PBXSourcesBuildPhase section */

/* Begin PBXTargetDependency section */
		4CA474181D62CC9000A83240 /* PBXTargetDependency */ = {
			isa = PBXTargetDependency;
			target = 4CA474011D62CC9000A83240 /* MemeMe */;
			targetProxy = 4CA474171D62CC9000A83240 /* PBXContainerItemProxy */;
		};
		4CA474231D62CC9000A83240 /* PBXTargetDependency */ = {
			isa = PBXTargetDependency;
			target = 4CA474011D62CC9000A83240 /* MemeMe */;
			targetProxy = 4CA474221D62CC9000A83240 /* PBXContainerItemProxy */;
		};
/* End PBXTargetDependency section */

/* Begin PBXVariantGroup section */
		4CA474091D62CC9000A83240 /* Main.storyboard */ = {
			isa = PBXVariantGroup;
			children = (
				4CA4740A1D62CC9000A83240 /* Base */,
			);
			name = Main.storyboard;
			sourceTree = "<group>";
		};
		4CA4740E1D62CC9000A83240 /* LaunchScreen.storyboard */ = {
			isa = PBXVariantGroup;
			children = (
				4CA4740F1D62CC9000A83240 /* Base */,
			);
			name = LaunchScreen.storyboard;
			sourceTree = "<group>";
		};
/* End PBXVariantGroup section */

/* Begin XCBuildConfiguration section */
		4CA474281D62CC9000A83240 /* Debug */ = {
			isa = XCBuildConfiguration;
			buildSettings = {
				ALWAYS_SEARCH_USER_PATHS = NO;
				CLANG_ANALYZER_NONNULL = YES;
				CLANG_CXX_LANGUAGE_STANDARD = "gnu++0x";
				CLANG_CXX_LIBRARY = "libc++";
				CLANG_ENABLE_MODULES = YES;
				CLANG_ENABLE_OBJC_ARC = YES;
				CLANG_WARN_BOOL_CONVERSION = YES;
				CLANG_WARN_CONSTANT_CONVERSION = YES;
				CLANG_WARN_DIRECT_OBJC_ISA_USAGE = YES_ERROR;
				CLANG_WARN_EMPTY_BODY = YES;
				CLANG_WARN_ENUM_CONVERSION = YES;
				CLANG_WARN_INT_CONVERSION = YES;
				CLANG_WARN_OBJC_ROOT_CLASS = YES_ERROR;
				CLANG_WARN_UNREACHABLE_CODE = YES;
				CLANG_WARN__DUPLICATE_METHOD_MATCH = YES;
				"CODE_SIGN_IDENTITY[sdk=iphoneos*]" = "iPhone Developer";
				COPY_PHASE_STRIP = NO;
				DEBUG_INFORMATION_FORMAT = dwarf;
				ENABLE_STRICT_OBJC_MSGSEND = YES;
				ENABLE_TESTABILITY = YES;
				GCC_C_LANGUAGE_STANDARD = gnu99;
				GCC_DYNAMIC_NO_PIC = NO;
				GCC_NO_COMMON_BLOCKS = YES;
				GCC_OPTIMIZATION_LEVEL = 0;
				GCC_PREPROCESSOR_DEFINITIONS = (
					"DEBUG=1",
					"$(inherited)",
				);
				GCC_WARN_64_TO_32_BIT_CONVERSION = YES;
				GCC_WARN_ABOUT_RETURN_TYPE = YES_ERROR;
				GCC_WARN_UNDECLARED_SELECTOR = YES;
				GCC_WARN_UNINITIALIZED_AUTOS = YES_AGGRESSIVE;
				GCC_WARN_UNUSED_FUNCTION = YES;
				GCC_WARN_UNUSED_VARIABLE = YES;
				IPHONEOS_DEPLOYMENT_TARGET = 9.3;
				MTL_ENABLE_DEBUG_INFO = YES;
				ONLY_ACTIVE_ARCH = YES;
				SDKROOT = iphoneos;
				SWIFT_OPTIMIZATION_LEVEL = "-Onone";
				TARGETED_DEVICE_FAMILY = "1,2";
			};
			name = Debug;
		};
		4CA474291D62CC9000A83240 /* Release */ = {
			isa = XCBuildConfiguration;
			buildSettings = {
				ALWAYS_SEARCH_USER_PATHS = NO;
				CLANG_ANALYZER_NONNULL = YES;
				CLANG_CXX_LANGUAGE_STANDARD = "gnu++0x";
				CLANG_CXX_LIBRARY = "libc++";
				CLANG_ENABLE_MODULES = YES;
				CLANG_ENABLE_OBJC_ARC = YES;
				CLANG_WARN_BOOL_CONVERSION = YES;
				CLANG_WARN_CONSTANT_CONVERSION = YES;
				CLANG_WARN_DIRECT_OBJC_ISA_USAGE = YES_ERROR;
				CLANG_WARN_EMPTY_BODY = YES;
				CLANG_WARN_ENUM_CONVERSION = YES;
				CLANG_WARN_INT_CONVERSION = YES;
				CLANG_WARN_OBJC_ROOT_CLASS = YES_ERROR;
				CLANG_WARN_UNREACHABLE_CODE = YES;
				CLANG_WARN__DUPLICATE_METHOD_MATCH = YES;
				"CODE_SIGN_IDENTITY[sdk=iphoneos*]" = "iPhone Developer";
				COPY_PHASE_STRIP = NO;
				DEBUG_INFORMATION_FORMAT = "dwarf-with-dsym";
				ENABLE_NS_ASSERTIONS = NO;
				ENABLE_STRICT_OBJC_MSGSEND = YES;
				GCC_C_LANGUAGE_STANDARD = gnu99;
				GCC_NO_COMMON_BLOCKS = YES;
				GCC_WARN_64_TO_32_BIT_CONVERSION = YES;
				GCC_WARN_ABOUT_RETURN_TYPE = YES_ERROR;
				GCC_WARN_UNDECLARED_SELECTOR = YES;
				GCC_WARN_UNINITIALIZED_AUTOS = YES_AGGRESSIVE;
				GCC_WARN_UNUSED_FUNCTION = YES;
				GCC_WARN_UNUSED_VARIABLE = YES;
				IPHONEOS_DEPLOYMENT_TARGET = 9.3;
				MTL_ENABLE_DEBUG_INFO = NO;
				SDKROOT = iphoneos;
				TARGETED_DEVICE_FAMILY = "1,2";
				VALIDATE_PRODUCT = YES;
			};
			name = Release;
		};
		4CA4742B1D62CC9000A83240 /* Debug */ = {
			isa = XCBuildConfiguration;
			buildSettings = {
				ASSETCATALOG_COMPILER_APPICON_NAME = AppIcon;
				INFOPLIST_FILE = MemeMe/Info.plist;
				LD_RUNPATH_SEARCH_PATHS = "$(inherited) @executable_path/Frameworks";
				PRODUCT_BUNDLE_IDENTIFIER = com.tongyu.MemeMe;
				PRODUCT_NAME = "$(TARGET_NAME)";
			};
			name = Debug;
		};
		4CA4742C1D62CC9000A83240 /* Release */ = {
			isa = XCBuildConfiguration;
			buildSettings = {
				ASSETCATALOG_COMPILER_APPICON_NAME = AppIcon;
				INFOPLIST_FILE = MemeMe/Info.plist;
				LD_RUNPATH_SEARCH_PATHS = "$(inherited) @executable_path/Frameworks";
				PRODUCT_BUNDLE_IDENTIFIER = com.tongyu.MemeMe;
				PRODUCT_NAME = "$(TARGET_NAME)";
			};
			name = Release;
		};
		4CA4742E1D62CC9000A83240 /* Debug */ = {
			isa = XCBuildConfiguration;
			buildSettings = {
				BUNDLE_LOADER = "$(TEST_HOST)";
				INFOPLIST_FILE = MemeMeTests/Info.plist;
				LD_RUNPATH_SEARCH_PATHS = "$(inherited) @executable_path/Frameworks @loader_path/Frameworks";
				PRODUCT_BUNDLE_IDENTIFIER = com.tongyu.MemeMeTests;
				PRODUCT_NAME = "$(TARGET_NAME)";
				TEST_HOST = "$(BUILT_PRODUCTS_DIR)/MemeMe.app/MemeMe";
			};
			name = Debug;
		};
		4CA4742F1D62CC9000A83240 /* Release */ = {
			isa = XCBuildConfiguration;
			buildSettings = {
				BUNDLE_LOADER = "$(TEST_HOST)";
				INFOPLIST_FILE = MemeMeTests/Info.plist;
				LD_RUNPATH_SEARCH_PATHS = "$(inherited) @executable_path/Frameworks @loader_path/Frameworks";
				PRODUCT_BUNDLE_IDENTIFIER = com.tongyu.MemeMeTests;
				PRODUCT_NAME = "$(TARGET_NAME)";
				TEST_HOST = "$(BUILT_PRODUCTS_DIR)/MemeMe.app/MemeMe";
			};
			name = Release;
		};
		4CA474311D62CC9000A83240 /* Debug */ = {
			isa = XCBuildConfiguration;
			buildSettings = {
				INFOPLIST_FILE = MemeMeUITests/Info.plist;
				LD_RUNPATH_SEARCH_PATHS = "$(inherited) @executable_path/Frameworks @loader_path/Frameworks";
				PRODUCT_BUNDLE_IDENTIFIER = com.tongyu.MemeMeUITests;
				PRODUCT_NAME = "$(TARGET_NAME)";
				TEST_TARGET_NAME = MemeMe;
			};
			name = Debug;
		};
		4CA474321D62CC9000A83240 /* Release */ = {
			isa = XCBuildConfiguration;
			buildSettings = {
				INFOPLIST_FILE = MemeMeUITests/Info.plist;
				LD_RUNPATH_SEARCH_PATHS = "$(inherited) @executable_path/Frameworks @loader_path/Frameworks";
				PRODUCT_BUNDLE_IDENTIFIER = com.tongyu.MemeMeUITests;
				PRODUCT_NAME = "$(TARGET_NAME)";
				TEST_TARGET_NAME = MemeMe;
			};
			name = Release;
		};
/* End XCBuildConfiguration section */

/* Begin XCConfigurationList section */
		4CA473FD1D62CC9000A83240 /* Build configuration list for PBXProject "MemeMe" */ = {
			isa = XCConfigurationList;
			buildConfigurations = (
				4CA474281D62CC9000A83240 /* Debug */,
				4CA474291D62CC9000A83240 /* Release */,
			);
			defaultConfigurationIsVisible = 0;
			defaultConfigurationName = Release;
		};
		4CA4742A1D62CC9000A83240 /* Build configuration list for PBXNativeTarget "MemeMe" */ = {
			isa = XCConfigurationList;
			buildConfigurations = (
				4CA4742B1D62CC9000A83240 /* Debug */,
				4CA4742C1D62CC9000A83240 /* Release */,
			);
			defaultConfigurationIsVisible = 0;
			defaultConfigurationName = Release;
		};
		4CA4742D1D62CC9000A83240 /* Build configuration list for PBXNativeTarget "MemeMeTests" */ = {
			isa = XCConfigurationList;
			buildConfigurations = (
				4CA4742E1D62CC9000A83240 /* Debug */,
				4CA4742F1D62CC9000A83240 /* Release */,
			);
			defaultConfigurationIsVisible = 0;
			defaultConfigurationName = Release;
		};
		4CA474301D62CC9000A83240 /* Build configuration list for PBXNativeTarget "MemeMeUITests" */ = {
			isa = XCConfigurationList;
			buildConfigurations = (
				4CA474311D62CC9000A83240 /* Debug */,
				4CA474321D62CC9000A83240 /* Release */,
			);
			defaultConfigurationIsVisible = 0;
			defaultConfigurationName = Release;
		};
/* End XCConfigurationList section */
	};
	rootObject = 4CA473FA1D62CC9000A83240 /* Project object */;
}
